
Microsoft Visual Studio Solution File, Format Version 12.00
# Visual Studio Version 16
VisualStudioVersion = 16.0.31410.357
MinimumVisualStudioVersion = 10.0.40219.1
Project("{FAE04EC0-301F-11D3-BF4B-00C04F79EFBC}") = "Stopwatch", "Stopwatch.csproj", "{B97ECEB1-0053-4275-809D-A6D58E65545E}"
EndProject
Global
	GlobalSection(SolutionConfigurationPlatforms) = preSolution
		Debug|Any CPU = Debug|Any CPU
		Release|Any CPU = Release|Any CPU
	EndGlobalSection
	GlobalSection(ProjectConfigurationPlatforms) = postSolution
		{B97ECEB1-0053-4275-809D-A6D58E65545E}.Debug|Any CPU.ActiveCfg = Debug|Any CPU
		{B97ECEB1-0053-4275-809D-A6D58E65545E}.Debug|Any CPU.Build.0 = Debug|Any CPU
		{B97ECEB1-0053-4275-809D-A6D58E65545E}.Release|Any CPU.ActiveCfg = Release|Any CPU
		{B97ECEB1-0053-4275-809D-A6D58E65545E}.Release|Any CPU.Build.0 = Release|Any CPU
	EndGlobalSection
	GlobalSection(SolutionProperties) = preSolution
		HideSolutionNode = FALSE
	EndGlobalSection
	GlobalSection(ExtensibilityGlobals) = postSolution
		SolutionGuid = {63AC301C-5F6D-4DD6-A223-4489D7F4BACF}
	EndGlobalSection
EndGlobal
